// !$*UTF8*$!
{
	archiveVersion = 1;
	classes = {
	};
	objectVersion = 56;
	objects = {

/* Begin PBXBuildFile section */
		35B06F042C5C69F7005E633C /* SpaceX_LaunchesApp.swift in Sources */ = {isa = PBXBuildFile; fileRef = 35B06F032C5C69F7005E633C /* SpaceX_LaunchesApp.swift */; };
		35B06F062C5C69F7005E633C /* ContentView.swift in Sources */ = {isa = PBXBuildFile; fileRef = 35B06F052C5C69F7005E633C /* ContentView.swift */; };
		35B06F0A2C5C69F9005E633C /* Assets.xcassets in Resources */ = {isa = PBXBuildFile; fileRef = 35B06F092C5C69F9005E633C /* Assets.xcassets */; };
		35B06F0D2C5C69F9005E633C /* Preview Assets.xcassets in Resources */ = {isa = PBXBuildFile; fileRef = 35B06F0C2C5C69F9005E633C /* Preview Assets.xcassets */; };
		35B06F172C5C69F9005E633C /* SpaceX_LaunchesTests.swift in Sources */ = {isa = PBXBuildFile; fileRef = 35B06F162C5C69F9005E633C /* SpaceX_LaunchesTests.swift */; };
		35B06F212C5C69F9005E633C /* SpaceX_LaunchesUITests.swift in Sources */ = {isa = PBXBuildFile; fileRef = 35B06F202C5C69F9005E633C /* SpaceX_LaunchesUITests.swift */; };
		35B06F232C5C69F9005E633C /* SpaceX_LaunchesUITestsLaunchTests.swift in Sources */ = {isa = PBXBuildFile; fileRef = 35B06F222C5C69F9005E633C /* SpaceX_LaunchesUITestsLaunchTests.swift */; };
		35B06F332C5C6BBF005E633C /* Launch.swift in Sources */ = {isa = PBXBuildFile; fileRef = 35B06F322C5C6BBF005E633C /* Launch.swift */; };
		35B06F352C5C6BFF005E633C /* ApiService.swift in Sources */ = {isa = PBXBuildFile; fileRef = 35B06F342C5C6BFF005E633C /* ApiService.swift */; };
		35B06F372C5C6C3C005E633C /* LaunchListView.swift in Sources */ = {isa = PBXBuildFile; fileRef = 35B06F362C5C6C3C005E633C /* LaunchListView.swift */; };
		35B06F3B2C5C6C9B005E633C /* LaunchListItemView.swift in Sources */ = {isa = PBXBuildFile; fileRef = 35B06F3A2C5C6C9B005E633C /* LaunchListItemView.swift */; };
		35B06F3E2C5C6E3D005E633C /* formatLaunchStatus.swift in Sources */ = {isa = PBXBuildFile; fileRef = 35B06F3D2C5C6E3D005E633C /* formatLaunchStatus.swift */; };
/* End PBXBuildFile section */

/* Begin PBXContainerItemProxy section */
		35B06F132C5C69F9005E633C /* PBXContainerItemProxy */ = {
			isa = PBXContainerItemProxy;
			containerPortal = 35B06EF82C5C69F7005E633C /* Project object */;
			proxyType = 1;
			remoteGlobalIDString = 35B06EFF2C5C69F7005E633C;
			remoteInfo = "SpaceX Launches";
		};
		35B06F1D2C5C69F9005E633C /* PBXContainerItemProxy */ = {
			isa = PBXContainerItemProxy;
			containerPortal = 35B06EF82C5C69F7005E633C /* Project object */;
			proxyType = 1;
			remoteGlobalIDString = 35B06EFF2C5C69F7005E633C;
			remoteInfo = "SpaceX Launches";
		};
/* End PBXContainerItemProxy section */

/* Begin PBXFileReference section */
		35B06F002C5C69F7005E633C /* SpaceX Launches.app */ = {isa = PBXFileReference; explicitFileType = wrapper.application; includeInIndex = 0; path = "SpaceX Launches.app"; sourceTree = BUILT_PRODUCTS_DIR; };
		35B06F032C5C69F7005E633C /* SpaceX_LaunchesApp.swift */ = {isa = PBXFileReference; lastKnownFileType = sourcecode.swift; path = SpaceX_LaunchesApp.swift; sourceTree = "<group>"; };
		35B06F052C5C69F7005E633C /* ContentView.swift */ = {isa = PBXFileReference; lastKnownFileType = sourcecode.swift; path = ContentView.swift; sourceTree = "<group>"; };
		35B06F092C5C69F9005E633C /* Assets.xcassets */ = {isa = PBXFileReference; lastKnownFileType = folder.assetcatalog; path = Assets.xcassets; sourceTree = "<group>"; };
		35B06F0C2C5C69F9005E633C /* Preview Assets.xcassets */ = {isa = PBXFileReference; lastKnownFileType = folder.assetcatalog; path = "Preview Assets.xcassets"; sourceTree = "<group>"; };
		35B06F122C5C69F9005E633C /* SpaceX LaunchesTests.xctest */ = {isa = PBXFileReference; explicitFileType = wrapper.cfbundle; includeInIndex = 0; path = "SpaceX LaunchesTests.xctest"; sourceTree = BUILT_PRODUCTS_DIR; };
		35B06F162C5C69F9005E633C /* SpaceX_LaunchesTests.swift */ = {isa = PBXFileReference; lastKnownFileType = sourcecode.swift; path = SpaceX_LaunchesTests.swift; sourceTree = "<group>"; };
		35B06F1C2C5C69F9005E633C /* SpaceX LaunchesUITests.xctest */ = {isa = PBXFileReference; explicitFileType = wrapper.cfbundle; includeInIndex = 0; path = "SpaceX LaunchesUITests.xctest"; sourceTree = BUILT_PRODUCTS_DIR; };
		35B06F202C5C69F9005E633C /* SpaceX_LaunchesUITests.swift */ = {isa = PBXFileReference; lastKnownFileType = sourcecode.swift; path = SpaceX_LaunchesUITests.swift; sourceTree = "<group>"; };
		35B06F222C5C69F9005E633C /* SpaceX_LaunchesUITestsLaunchTests.swift */ = {isa = PBXFileReference; lastKnownFileType = sourcecode.swift; path = SpaceX_LaunchesUITestsLaunchTests.swift; sourceTree = "<group>"; };
		35B06F322C5C6BBF005E633C /* Launch.swift */ = {isa = PBXFileReference; lastKnownFileType = sourcecode.swift; path = Launch.swift; sourceTree = "<group>"; };
		35B06F342C5C6BFF005E633C /* ApiService.swift */ = {isa = PBXFileReference; lastKnownFileType = sourcecode.swift; path = ApiService.swift; sourceTree = "<group>"; };
		35B06F362C5C6C3C005E633C /* LaunchListView.swift */ = {isa = PBXFileReference; lastKnownFileType = sourcecode.swift; path = LaunchListView.swift; sourceTree = "<group>"; };
		35B06F3A2C5C6C9B005E633C /* LaunchListItemView.swift */ = {isa = PBXFileReference; lastKnownFileType = sourcecode.swift; path = LaunchListItemView.swift; sourceTree = "<group>"; };
		35B06F3D2C5C6E3D005E633C /* formatLaunchStatus.swift */ = {isa = PBXFileReference; lastKnownFileType = sourcecode.swift; path = formatLaunchStatus.swift; sourceTree = "<group>"; };
/* End PBXFileReference section */

/* Begin PBXFrameworksBuildPhase section */
		35B06EFD2C5C69F7005E633C /* Frameworks */ = {
			isa = PBXFrameworksBuildPhase;
			buildActionMask = 2147483647;
			files = (
			);
			runOnlyForDeploymentPostprocessing = 0;
		};
		35B06F0F2C5C69F9005E633C /* Frameworks */ = {
			isa = PBXFrameworksBuildPhase;
			buildActionMask = 2147483647;
			files = (
			);
			runOnlyForDeploymentPostprocessing = 0;
		};
		35B06F192C5C69F9005E633C /* Frameworks */ = {
			isa = PBXFrameworksBuildPhase;
			buildActionMask = 2147483647;
			files = (
			);
			runOnlyForDeploymentPostprocessing = 0;
		};
/* End PBXFrameworksBuildPhase section */

/* Begin PBXGroup section */
		35B06EF72C5C69F7005E633C = {
			isa = PBXGroup;
			children = (
				35B06F022C5C69F7005E633C /* SpaceX Launches */,
				35B06F152C5C69F9005E633C /* SpaceX LaunchesTests */,
				35B06F1F2C5C69F9005E633C /* SpaceX LaunchesUITests */,
				35B06F012C5C69F7005E633C /* Products */,
			);
			sourceTree = "<group>";
		};
		35B06F012C5C69F7005E633C /* Products */ = {
			isa = PBXGroup;
			children = (
				35B06F002C5C69F7005E633C /* SpaceX Launches.app */,
				35B06F122C5C69F9005E633C /* SpaceX LaunchesTests.xctest */,
				35B06F1C2C5C69F9005E633C /* SpaceX LaunchesUITests.xctest */,
			);
			name = Products;
			sourceTree = "<group>";
		};
		35B06F022C5C69F7005E633C /* SpaceX Launches */ = {
			isa = PBXGroup;
			children = (
				35B06F3C2C5C6E2A005E633C /* Helpers */,
				35B06F312C5C6BA5005E633C /* Models */,
				35B06F302C5C6B81005E633C /* VIews */,
				35B06F2F2C5C6B77005E633C /* Services */,
				35B06F032C5C69F7005E633C /* SpaceX_LaunchesApp.swift */,
				35B06F052C5C69F7005E633C /* ContentView.swift */,
				35B06F092C5C69F9005E633C /* Assets.xcassets */,
				35B06F0B2C5C69F9005E633C /* Preview Content */,
			);
			path = "SpaceX Launches";
			sourceTree = "<group>";
		};
		35B06F0B2C5C69F9005E633C /* Preview Content */ = {
			isa = PBXGroup;
			children = (
				35B06F0C2C5C69F9005E633C /* Preview Assets.xcassets */,
			);
			path = "Preview Content";
			sourceTree = "<group>";
		};
		35B06F152C5C69F9005E633C /* SpaceX LaunchesTests */ = {
			isa = PBXGroup;
			children = (
				35B06F162C5C69F9005E633C /* SpaceX_LaunchesTests.swift */,
			);
			path = "SpaceX LaunchesTests";
			sourceTree = "<group>";
		};
		35B06F1F2C5C69F9005E633C /* SpaceX LaunchesUITests */ = {
			isa = PBXGroup;
			children = (
				35B06F202C5C69F9005E633C /* SpaceX_LaunchesUITests.swift */,
				35B06F222C5C69F9005E633C /* SpaceX_LaunchesUITestsLaunchTests.swift */,
			);
			path = "SpaceX LaunchesUITests";
			sourceTree = "<group>";
		};
		35B06F2F2C5C6B77005E633C /* Services */ = {
			isa = PBXGroup;
			children = (
				35B06F342C5C6BFF005E633C /* ApiService.swift */,
			);
			path = Services;
			sourceTree = "<group>";
		};
		35B06F302C5C6B81005E633C /* VIews */ = {
			isa = PBXGroup;
			children = (
				35B06F362C5C6C3C005E633C /* LaunchListView.swift */,
				35B06F3A2C5C6C9B005E633C /* LaunchListItemView.swift */,
			);
			path = VIews;
			sourceTree = "<group>";
		};
		35B06F312C5C6BA5005E633C /* Models */ = {
			isa = PBXGroup;
			children = (
				35B06F322C5C6BBF005E633C /* Launch.swift */,
			);
			path = Models;
			sourceTree = "<group>";
		};
		35B06F3C2C5C6E2A005E633C /* Helpers */ = {
			isa = PBXGroup;
			children = (
				35B06F3D2C5C6E3D005E633C /* formatLaunchStatus.swift */,
			);
			path = Helpers;
			sourceTree = "<group>";
		};
/* End PBXGroup section */

/* Begin PBXNativeTarget section */
		35B06EFF2C5C69F7005E633C /* SpaceX Launches */ = {
			isa = PBXNativeTarget;
			buildConfigurationList = 35B06F262C5C69F9005E633C /* Build configuration list for PBXNativeTarget "SpaceX Launches" */;
			buildPhases = (
				35B06EFC2C5C69F7005E633C /* Sources */,
				35B06EFD2C5C69F7005E633C /* Frameworks */,
				35B06EFE2C5C69F7005E633C /* Resources */,
			);
			buildRules = (
			);
			dependencies = (
			);
			name = "SpaceX Launches";
			productName = "SpaceX Launches";
			productReference = 35B06F002C5C69F7005E633C /* SpaceX Launches.app */;
			productType = "com.apple.product-type.application";
		};
		35B06F112C5C69F9005E633C /* SpaceX LaunchesTests */ = {
			isa = PBXNativeTarget;
			buildConfigurationList = 35B06F292C5C69F9005E633C /* Build configuration list for PBXNativeTarget "SpaceX LaunchesTests" */;
			buildPhases = (
				35B06F0E2C5C69F9005E633C /* Sources */,
				35B06F0F2C5C69F9005E633C /* Frameworks */,
				35B06F102C5C69F9005E633C /* Resources */,
			);
			buildRules = (
			);
			dependencies = (
				35B06F142C5C69F9005E633C /* PBXTargetDependency */,
			);
			name = "SpaceX LaunchesTests";
			productName = "SpaceX LaunchesTests";
			productReference = 35B06F122C5C69F9005E633C /* SpaceX LaunchesTests.xctest */;
			productType = "com.apple.product-type.bundle.unit-test";
		};
		35B06F1B2C5C69F9005E633C /* SpaceX LaunchesUITests */ = {
			isa = PBXNativeTarget;
			buildConfigurationList = 35B06F2C2C5C69F9005E633C /* Build configuration list for PBXNativeTarget "SpaceX LaunchesUITests" */;
			buildPhases = (
				35B06F182C5C69F9005E633C /* Sources */,
				35B06F192C5C69F9005E633C /* Frameworks */,
				35B06F1A2C5C69F9005E633C /* Resources */,
			);
			buildRules = (
			);
			dependencies = (
				35B06F1E2C5C69F9005E633C /* PBXTargetDependency */,
			);
			name = "SpaceX LaunchesUITests";
			productName = "SpaceX LaunchesUITests";
			productReference = 35B06F1C2C5C69F9005E633C /* SpaceX LaunchesUITests.xctest */;
			productType = "com.apple.product-type.bundle.ui-testing";
		};
/* End PBXNativeTarget section */

/* Begin PBXProject section */
		35B06EF82C5C69F7005E633C /* Project object */ = {
			isa = PBXProject;
			attributes = {
				BuildIndependentTargetsInParallel = 1;
				LastSwiftUpdateCheck = 1520;
				LastUpgradeCheck = 1520;
				TargetAttributes = {
					35B06EFF2C5C69F7005E633C = {
						CreatedOnToolsVersion = 15.2;
					};
					35B06F112C5C69F9005E633C = {
						CreatedOnToolsVersion = 15.2;
						TestTargetID = 35B06EFF2C5C69F7005E633C;
					};
					35B06F1B2C5C69F9005E633C = {
						CreatedOnToolsVersion = 15.2;
						TestTargetID = 35B06EFF2C5C69F7005E633C;
					};
				};
			};
			buildConfigurationList = 35B06EFB2C5C69F7005E633C /* Build configuration list for PBXProject "SpaceX Launches" */;
			compatibilityVersion = "Xcode 14.0";
			developmentRegion = en;
			hasScannedForEncodings = 0;
			knownRegions = (
				en,
				Base,
			);
			mainGroup = 35B06EF72C5C69F7005E633C;
			productRefGroup = 35B06F012C5C69F7005E633C /* Products */;
			projectDirPath = "";
			projectRoot = "";
			targets = (
				35B06EFF2C5C69F7005E633C /* SpaceX Launches */,
				35B06F112C5C69F9005E633C /* SpaceX LaunchesTests */,
				35B06F1B2C5C69F9005E633C /* SpaceX LaunchesUITests */,
			);
		};
/* End PBXProject section */

/* Begin PBXResourcesBuildPhase section */
		35B06EFE2C5C69F7005E633C /* Resources */ = {
			isa = PBXResourcesBuildPhase;
			buildActionMask = 2147483647;
			files = (
				35B06F0D2C5C69F9005E633C /* Preview Assets.xcassets in Resources */,
				35B06F0A2C5C69F9005E633C /* Assets.xcassets in Resources */,
			);
			runOnlyForDeploymentPostprocessing = 0;
		};
		35B06F102C5C69F9005E633C /* Resources */ = {
			isa = PBXResourcesBuildPhase;
			buildActionMask = 2147483647;
			files = (
			);
			runOnlyForDeploymentPostprocessing = 0;
		};
		35B06F1A2C5C69F9005E633C /* Resources */ = {
			isa = PBXResourcesBuildPhase;
			buildActionMask = 2147483647;
			files = (
			);
			runOnlyForDeploymentPostprocessing = 0;
		};
/* End PBXResourcesBuildPhase section */

/* Begin PBXSourcesBuildPhase section */
		35B06EFC2C5C69F7005E633C /* Sources */ = {
			isa = PBXSourcesBuildPhase;
			buildActionMask = 2147483647;
			files = (
				35B06F062C5C69F7005E633C /* ContentView.swift in Sources */,
				35B06F352C5C6BFF005E633C /* ApiService.swift in Sources */,
				35B06F3B2C5C6C9B005E633C /* LaunchListItemView.swift in Sources */,
				35B06F372C5C6C3C005E633C /* LaunchListView.swift in Sources */,
				35B06F3E2C5C6E3D005E633C /* formatLaunchStatus.swift in Sources */,
				35B06F332C5C6BBF005E633C /* Launch.swift in Sources */,
				35B06F042C5C69F7005E633C /* SpaceX_LaunchesApp.swift in Sources */,
			);
			runOnlyForDeploymentPostprocessing = 0;
		};
		35B06F0E2C5C69F9005E633C /* Sources */ = {
			isa = PBXSourcesBuildPhase;
			buildActionMask = 2147483647;
			files = (
				35B06F172C5C69F9005E633C /* SpaceX_LaunchesTests.swift in Sources */,
			);
			runOnlyForDeploymentPostprocessing = 0;
		};
		35B06F182C5C69F9005E633C /* Sources */ = {
			isa = PBXSourcesBuildPhase;
			buildActionMask = 2147483647;
			files = (
				35B06F212C5C69F9005E633C /* SpaceX_LaunchesUITests.swift in Sources */,
				35B06F232C5C69F9005E633C /* SpaceX_LaunchesUITestsLaunchTests.swift in Sources */,
			);
			runOnlyForDeploymentPostprocessing = 0;
		};
/* End PBXSourcesBuildPhase section */

/* Begin PBXTargetDependency section */
		35B06F142C5C69F9005E633C /* PBXTargetDependency */ = {
			isa = PBXTargetDependency;
			target = 35B06EFF2C5C69F7005E633C /* SpaceX Launches */;
			targetProxy = 35B06F132C5C69F9005E633C /* PBXContainerItemProxy */;
		};
		35B06F1E2C5C69F9005E633C /* PBXTargetDependency */ = {
			isa = PBXTargetDependency;
			target = 35B06EFF2C5C69F7005E633C /* SpaceX Launches */;
			targetProxy = 35B06F1D2C5C69F9005E633C /* PBXContainerItemProxy */;
		};
/* End PBXTargetDependency section */

/* Begin XCBuildConfiguration section */
		35B06F242C5C69F9005E633C /* Debug */ = {
			isa = XCBuildConfiguration;
			buildSettings = {
				ALWAYS_SEARCH_USER_PATHS = NO;
				ASSETCATALOG_COMPILER_GENERATE_SWIFT_ASSET_SYMBOL_EXTENSIONS = YES;
				CLANG_ANALYZER_NONNULL = YES;
				CLANG_ANALYZER_NUMBER_OBJECT_CONVERSION = YES_AGGRESSIVE;
				CLANG_CXX_LANGUAGE_STANDARD = "gnu++20";
				CLANG_ENABLE_MODULES = YES;
				CLANG_ENABLE_OBJC_ARC = YES;
				CLANG_ENABLE_OBJC_WEAK = YES;
				CLANG_WARN_BLOCK_CAPTURE_AUTORELEASING = YES;
				CLANG_WARN_BOOL_CONVERSION = YES;
				CLANG_WARN_COMMA = YES;
				CLANG_WARN_CONSTANT_CONVERSION = YES;
				CLANG_WARN_DEPRECATED_OBJC_IMPLEMENTATIONS = YES;
				CLANG_WARN_DIRECT_OBJC_ISA_USAGE = YES_ERROR;
				CLANG_WARN_DOCUMENTATION_COMMENTS = YES;
				CLANG_WARN_EMPTY_BODY = YES;
				CLANG_WARN_ENUM_CONVERSION = YES;
				CLANG_WARN_INFINITE_RECURSION = YES;
				CLANG_WARN_INT_CONVERSION = YES;
				CLANG_WARN_NON_LITERAL_NULL_CONVERSION = YES;
				CLANG_WARN_OBJC_IMPLICIT_RETAIN_SELF = YES;
				CLANG_WARN_OBJC_LITERAL_CONVERSION = YES;
				CLANG_WARN_OBJC_ROOT_CLASS = YES_ERROR;
				CLANG_WARN_QUOTED_INCLUDE_IN_FRAMEWORK_HEADER = YES;
				CLANG_WARN_RANGE_LOOP_ANALYSIS = YES;
				CLANG_WARN_STRICT_PROTOTYPES = YES;
				CLANG_WARN_SUSPICIOUS_MOVE = YES;
				CLANG_WARN_UNGUARDED_AVAILABILITY = YES_AGGRESSIVE;
				CLANG_WARN_UNREACHABLE_CODE = YES;
				CLANG_WARN__DUPLICATE_METHOD_MATCH = YES;
				COPY_PHASE_STRIP = NO;
				DEBUG_INFORMATION_FORMAT = dwarf;
				ENABLE_STRICT_OBJC_MSGSEND = YES;
				ENABLE_TESTABILITY = YES;
				ENABLE_USER_SCRIPT_SANDBOXING = YES;
				GCC_C_LANGUAGE_STANDARD = gnu17;
				GCC_DYNAMIC_NO_PIC = NO;
				GCC_NO_COMMON_BLOCKS = YES;
				GCC_OPTIMIZATION_LEVEL = 0;
				GCC_PREPROCESSOR_DEFINITIONS = (
					"DEBUG=1",
					"$(inherited)",
				);
				GCC_WARN_64_TO_32_BIT_CONVERSION = YES;
				GCC_WARN_ABOUT_RETURN_TYPE = YES_ERROR;
				GCC_WARN_UNDECLARED_SELECTOR = YES;
				GCC_WARN_UNINITIALIZED_AUTOS = YES_AGGRESSIVE;
				GCC_WARN_UNUSED_FUNCTION = YES;
				GCC_WARN_UNUSED_VARIABLE = YES;
				IPHONEOS_DEPLOYMENT_TARGET = 17.2;
				LOCALIZATION_PREFERS_STRING_CATALOGS = YES;
				MTL_ENABLE_DEBUG_INFO = INCLUDE_SOURCE;
				MTL_FAST_MATH = YES;
				ONLY_ACTIVE_ARCH = YES;
				SDKROOT = iphoneos;
				SWIFT_ACTIVE_COMPILATION_CONDITIONS = "DEBUG $(inherited)";
				SWIFT_OPTIMIZATION_LEVEL = "-Onone";
			};
			name = Debug;
		};
		35B06F252C5C69F9005E633C /* Release */ = {
			isa = XCBuildConfiguration;
			buildSettings = {
				ALWAYS_SEARCH_USER_PATHS = NO;
				ASSETCATALOG_COMPILER_GENERATE_SWIFT_ASSET_SYMBOL_EXTENSIONS = YES;
				CLANG_ANALYZER_NONNULL = YES;
				CLANG_ANALYZER_NUMBER_OBJECT_CONVERSION = YES_AGGRESSIVE;
				CLANG_CXX_LANGUAGE_STANDARD = "gnu++20";
				CLANG_ENABLE_MODULES = YES;
				CLANG_ENABLE_OBJC_ARC = YES;
				CLANG_ENABLE_OBJC_WEAK = YES;
				CLANG_WARN_BLOCK_CAPTURE_AUTORELEASING = YES;
				CLANG_WARN_BOOL_CONVERSION = YES;
				CLANG_WARN_COMMA = YES;
				CLANG_WARN_CONSTANT_CONVERSION = YES;
				CLANG_WARN_DEPRECATED_OBJC_IMPLEMENTATIONS = YES;
				CLANG_WARN_DIRECT_OBJC_ISA_USAGE = YES_ERROR;
				CLANG_WARN_DOCUMENTATION_COMMENTS = YES;
				CLANG_WARN_EMPTY_BODY = YES;
				CLANG_WARN_ENUM_CONVERSION = YES;
				CLANG_WARN_INFINITE_RECURSION = YES;
				CLANG_WARN_INT_CONVERSION = YES;
				CLANG_WARN_NON_LITERAL_NULL_CONVERSION = YES;
				CLANG_WARN_OBJC_IMPLICIT_RETAIN_SELF = YES;
				CLANG_WARN_OBJC_LITERAL_CONVERSION = YES;
				CLANG_WARN_OBJC_ROOT_CLASS = YES_ERROR;
				CLANG_WARN_QUOTED_INCLUDE_IN_FRAMEWORK_HEADER = YES;
				CLANG_WARN_RANGE_LOOP_ANALYSIS = YES;
				CLANG_WARN_STRICT_PROTOTYPES = YES;
				CLANG_WARN_SUSPICIOUS_MOVE = YES;
				CLANG_WARN_UNGUARDED_AVAILABILITY = YES_AGGRESSIVE;
				CLANG_WARN_UNREACHABLE_CODE = YES;
				CLANG_WARN__DUPLICATE_METHOD_MATCH = YES;
				COPY_PHASE_STRIP = NO;
				DEBUG_INFORMATION_FORMAT = "dwarf-with-dsym";
				ENABLE_NS_ASSERTIONS = NO;
				ENABLE_STRICT_OBJC_MSGSEND = YES;
				ENABLE_USER_SCRIPT_SANDBOXING = YES;
				GCC_C_LANGUAGE_STANDARD = gnu17;
				GCC_NO_COMMON_BLOCKS = YES;
				GCC_WARN_64_TO_32_BIT_CONVERSION = YES;
				GCC_WARN_ABOUT_RETURN_TYPE = YES_ERROR;
				GCC_WARN_UNDECLARED_SELECTOR = YES;
				GCC_WARN_UNINITIALIZED_AUTOS = YES_AGGRESSIVE;
				GCC_WARN_UNUSED_FUNCTION = YES;
				GCC_WARN_UNUSED_VARIABLE = YES;
				IPHONEOS_DEPLOYMENT_TARGET = 17.2;
				LOCALIZATION_PREFERS_STRING_CATALOGS = YES;
				MTL_ENABLE_DEBUG_INFO = NO;
				MTL_FAST_MATH = YES;
				SDKROOT = iphoneos;
				SWIFT_COMPILATION_MODE = wholemodule;
				VALIDATE_PRODUCT = YES;
			};
			name = Release;
		};
		35B06F272C5C69F9005E633C /* Debug */ = {
			isa = XCBuildConfiguration;
			buildSettings = {
				ASSETCATALOG_COMPILER_APPICON_NAME = AppIcon;
				ASSETCATALOG_COMPILER_GLOBAL_ACCENT_COLOR_NAME = AccentColor;
				CODE_SIGN_STYLE = Automatic;
				CURRENT_PROJECT_VERSION = 1;
				DEVELOPMENT_ASSET_PATHS = "\"SpaceX Launches/Preview Content\"";
				ENABLE_PREVIEWS = YES;
				GENERATE_INFOPLIST_FILE = YES;
				INFOPLIST_KEY_UIApplicationSceneManifest_Generation = YES;
				INFOPLIST_KEY_UIApplicationSupportsIndirectInputEvents = YES;
				INFOPLIST_KEY_UILaunchScreen_Generation = YES;
				INFOPLIST_KEY_UISupportedInterfaceOrientations_iPad = "UIInterfaceOrientationPortrait UIInterfaceOrientationPortraitUpsideDown UIInterfaceOrientationLandscapeLeft UIInterfaceOrientationLandscapeRight";
				INFOPLIST_KEY_UISupportedInterfaceOrientations_iPhone = "UIInterfaceOrientationPortrait UIInterfaceOrientationLandscapeLeft UIInterfaceOrientationLandscapeRight";
				LD_RUNPATH_SEARCH_PATHS = (
					"$(inherited)",
					"@executable_path/Frameworks",
				);
				MARKETING_VERSION = 1.0;
				PRODUCT_BUNDLE_IDENTIFIER = "lv.test.SpaceX-Launches";
				PRODUCT_NAME = "$(TARGET_NAME)";
				SWIFT_EMIT_LOC_STRINGS = YES;
				SWIFT_VERSION = 5.0;
				TARGETED_DEVICE_FAMILY = "1,2";
			};
			name = Debug;
		};
		35B06F282C5C69F9005E633C /* Release */ = {
			isa = XCBuildConfiguration;
			buildSettings = {
				ASSETCATALOG_COMPILER_APPICON_NAME = AppIcon;
				ASSETCATALOG_COMPILER_GLOBAL_ACCENT_COLOR_NAME = AccentColor;
				CODE_SIGN_STYLE = Automatic;
				CURRENT_PROJECT_VERSION = 1;
				DEVELOPMENT_ASSET_PATHS = "\"SpaceX Launches/Preview Content\"";
				ENABLE_PREVIEWS = YES;
				GENERATE_INFOPLIST_FILE = YES;
				INFOPLIST_KEY_UIApplicationSceneManifest_Generation = YES;
				INFOPLIST_KEY_UIApplicationSupportsIndirectInputEvents = YES;
				INFOPLIST_KEY_UILaunchScreen_Generation = YES;
				INFOPLIST_KEY_UISupportedInterfaceOrientations_iPad = "UIInterfaceOrientationPortrait UIInterfaceOrientationPortraitUpsideDown UIInterfaceOrientationLandscapeLeft UIInterfaceOrientationLandscapeRight";
				INFOPLIST_KEY_UISupportedInterfaceOrientations_iPhone = "UIInterfaceOrientationPortrait UIInterfaceOrientationLandscapeLeft UIInterfaceOrientationLandscapeRight";
				LD_RUNPATH_SEARCH_PATHS = (
					"$(inherited)",
					"@executable_path/Frameworks",
				);
				MARKETING_VERSION = 1.0;
				PRODUCT_BUNDLE_IDENTIFIER = "lv.test.SpaceX-Launches";
				PRODUCT_NAME = "$(TARGET_NAME)";
				SWIFT_EMIT_LOC_STRINGS = YES;
				SWIFT_VERSION = 5.0;
				TARGETED_DEVICE_FAMILY = "1,2";
			};
			name = Release;
		};
		35B06F2A2C5C69F9005E633C /* Debug */ = {
			isa = XCBuildConfiguration;
			buildSettings = {
				ALWAYS_EMBED_SWIFT_STANDARD_LIBRARIES = YES;
				BUNDLE_LOADER = "$(TEST_HOST)";
				CODE_SIGN_STYLE = Automatic;
				CURRENT_PROJECT_VERSION = 1;
				GENERATE_INFOPLIST_FILE = YES;
				IPHONEOS_DEPLOYMENT_TARGET = 17.2;
				MARKETING_VERSION = 1.0;
				PRODUCT_BUNDLE_IDENTIFIER = "lv.test.SpaceX-LaunchesTests";
				PRODUCT_NAME = "$(TARGET_NAME)";
				SWIFT_EMIT_LOC_STRINGS = NO;
				SWIFT_VERSION = 5.0;
				TARGETED_DEVICE_FAMILY = "1,2";
				TEST_HOST = "$(BUILT_PRODUCTS_DIR)/SpaceX Launches.app/$(BUNDLE_EXECUTABLE_FOLDER_PATH)/SpaceX Launches";
			};
			name = Debug;
		};
		35B06F2B2C5C69F9005E633C /* Release */ = {
			isa = XCBuildConfiguration;
			buildSettings = {
				ALWAYS_EMBED_SWIFT_STANDARD_LIBRARIES = YES;
				BUNDLE_LOADER = "$(TEST_HOST)";
				CODE_SIGN_STYLE = Automatic;
				CURRENT_PROJECT_VERSION = 1;
				GENERATE_INFOPLIST_FILE = YES;
				IPHONEOS_DEPLOYMENT_TARGET = 17.2;
				MARKETING_VERSION = 1.0;
				PRODUCT_BUNDLE_IDENTIFIER = "lv.test.SpaceX-LaunchesTests";
				PRODUCT_NAME = "$(TARGET_NAME)";
				SWIFT_EMIT_LOC_STRINGS = NO;
				SWIFT_VERSION = 5.0;
				TARGETED_DEVICE_FAMILY = "1,2";
				TEST_HOST = "$(BUILT_PRODUCTS_DIR)/SpaceX Launches.app/$(BUNDLE_EXECUTABLE_FOLDER_PATH)/SpaceX Launches";
			};
			name = Release;
		};
		35B06F2D2C5C69F9005E633C /* Debug */ = {
			isa = XCBuildConfiguration;
			buildSettings = {
				ALWAYS_EMBED_SWIFT_STANDARD_LIBRARIES = YES;
				CODE_SIGN_STYLE = Automatic;
				CURRENT_PROJECT_VERSION = 1;
				GENERATE_INFOPLIST_FILE = YES;
				MARKETING_VERSION = 1.0;
				PRODUCT_BUNDLE_IDENTIFIER = "lv.test.SpaceX-LaunchesUITests";
				PRODUCT_NAME = "$(TARGET_NAME)";
				SWIFT_EMIT_LOC_STRINGS = NO;
				SWIFT_VERSION = 5.0;
				TARGETED_DEVICE_FAMILY = "1,2";
				TEST_TARGET_NAME = "SpaceX Launches";
			};
			name = Debug;
		};
		35B06F2E2C5C69F9005E633C /* Release */ = {
			isa = XCBuildConfiguration;
			buildSettings = {
				ALWAYS_EMBED_SWIFT_STANDARD_LIBRARIES = YES;
				CODE_SIGN_STYLE = Automatic;
				CURRENT_PROJECT_VERSION = 1;
				GENERATE_INFOPLIST_FILE = YES;
				MARKETING_VERSION = 1.0;
				PRODUCT_BUNDLE_IDENTIFIER = "lv.test.SpaceX-LaunchesUITests";
				PRODUCT_NAME = "$(TARGET_NAME)";
				SWIFT_EMIT_LOC_STRINGS = NO;
				SWIFT_VERSION = 5.0;
				TARGETED_DEVICE_FAMILY = "1,2";
				TEST_TARGET_NAME = "SpaceX Launches";
			};
			name = Release;
		};
/* End XCBuildConfiguration section */

/* Begin XCConfigurationList section */
		35B06EFB2C5C69F7005E633C /* Build configuration list for PBXProject "SpaceX Launches" */ = {
			isa = XCConfigurationList;
			buildConfigurations = (
				35B06F242C5C69F9005E633C /* Debug */,
				35B06F252C5C69F9005E633C /* Release */,
			);
			defaultConfigurationIsVisible = 0;
			defaultConfigurationName = Release;
		};
		35B06F262C5C69F9005E633C /* Build configuration list for PBXNativeTarget "SpaceX Launches" */ = {
			isa = XCConfigurationList;
			buildConfigurations = (
				35B06F272C5C69F9005E633C /* Debug */,
				35B06F282C5C69F9005E633C /* Release */,
			);
			defaultConfigurationIsVisible = 0;
			defaultConfigurationName = Release;
		};
		35B06F292C5C69F9005E633C /* Build configuration list for PBXNativeTarget "SpaceX LaunchesTests" */ = {
			isa = XCConfigurationList;
			buildConfigurations = (
				35B06F2A2C5C69F9005E633C /* Debug */,
				35B06F2B2C5C69F9005E633C /* Release */,
			);
			defaultConfigurationIsVisible = 0;
			defaultConfigurationName = Release;
		};
		35B06F2C2C5C69F9005E633C /* Build configuration list for PBXNativeTarget "SpaceX LaunchesUITests" */ = {
			isa = XCConfigurationList;
			buildConfigurations = (
				35B06F2D2C5C69F9005E633C /* Debug */,
				35B06F2E2C5C69F9005E633C /* Release */,
			);
			defaultConfigurationIsVisible = 0;
			defaultConfigurationName = Release;
		};
/* End XCConfigurationList section */
	};
	rootObject = 35B06EF82C5C69F7005E633C /* Project object */;
}
