{
  "pins" : [
    {
      "identity" : "accessibilitysnapshot",
      "kind" : "remoteSourceControl",
      "location" : "https://github.com/EmergeTools/AccessibilitySnapshot.git",
      "state" : {
        "revision" : "54046d8fa44b9fa9f0e2229526f6ed89cb5e0ec2",
        "version" : "1.0.2"
      }
    },
    {
      "identity" : "flyingfox",
      "kind" : "remoteSourceControl",
      "location" : "https://github.com/EmergeTools/FlyingFox.git",
      "state" : {
        "revision" : "30a96b49f55762750899a4b8ea68301e32b9c112",
        "version" : "1.0.0"
      }
    },
    {
      "identity" : "snapshotpreviews-ios",
      "kind" : "remoteSourceControl",
      "location" : "https://github.com/EmergeTools/SnapshotPreviews-iOS",
      "state" : {
        "branch" : "main",
        "revision" : "7cc86ed49192cc60e39ef4d25a984637a9313b8d"
      }
    },
    {
      "identity" : "swiftui-cached-async-image",
      "kind" : "remoteSourceControl",
      "location" : "https://github.com/lorenzofiamingo/swiftui-cached-async-image",
      "state" : {
        "revision" : "467a3d17479887943ab917a379e62bbaff60ac8a",
        "version" : "2.1.1"
      }
    }
  ],
  "version" : 2
}
